
Microsoft Visual Studio Solution File, Format Version 12.00
# Visual Studio Version 16
VisualStudioVersion = 16.0.30320.27
MinimumVisualStudioVersion = 10.0.40219.1
Project("{FAE04EC0-301F-11D3-BF4B-00C04F79EFBC}") = "ParalelismoAlejo", "ParalelismoAlejo\ParalelismoAlejo.csproj", "{361E05E4-7E28-40A2-9AB6-69C91119AF2A}"
EndProject
Project("{FAE04EC0-301F-11D3-BF4B-00C04F79EFBC}") = "Negocio.Paralilismo", "Negocio.Paralilismo\Negocio.Paralilismo.csproj", "{82B20291-65E1-40F0-A56B-D463DF876C09}"
EndProject
Global
	GlobalSection(SolutionConfigurationPlatforms) = preSolution
		Debug|Any CPU = Debug|Any CPU
		Release|Any CPU = Release|Any CPU
	EndGlobalSection
	GlobalSection(ProjectConfigurationPlatforms) = postSolution
		{361E05E4-7E28-40A2-9AB6-69C91119AF2A}.Debug|Any CPU.ActiveCfg = Debug|Any CPU
		{361E05E4-7E28-40A2-9AB6-69C91119AF2A}.Debug|Any CPU.Build.0 = Debug|Any CPU
		{361E05E4-7E28-40A2-9AB6-69C91119AF2A}.Release|Any CPU.ActiveCfg = Release|Any CPU
		{361E05E4-7E28-40A2-9AB6-69C91119AF2A}.Release|Any CPU.Build.0 = Release|Any CPU
		{82B20291-65E1-40F0-A56B-D463DF876C09}.Debug|Any CPU.ActiveCfg = Debug|Any CPU
		{82B20291-65E1-40F0-A56B-D463DF876C09}.Debug|Any CPU.Build.0 = Debug|Any CPU
		{82B20291-65E1-40F0-A56B-D463DF876C09}.Release|Any CPU.ActiveCfg = Release|Any CPU
		{82B20291-65E1-40F0-A56B-D463DF876C09}.Release|Any CPU.Build.0 = Release|Any CPU
	EndGlobalSection
	GlobalSection(SolutionProperties) = preSolution
		HideSolutionNode = FALSE
	EndGlobalSection
	GlobalSection(ExtensibilityGlobals) = postSolution
		SolutionGuid = {E5421379-FF52-457F-85C7-ACA5A9C290C0}
	EndGlobalSection
EndGlobal
